
Microsoft Visual Studio Solution File, Format Version 12.00
# Visual Studio Version 17
VisualStudioVersion = 17.14.36221.1
MinimumVisualStudioVersion = 10.0.40219.1
Project("{FAE04EC0-301F-11D3-BF4B-00C04F79EFBC}") = "Day03", "Day03\Day03.csproj", "{FA22A308-721F-4090-8DF1-06DD0689E001}"
EndProject
Project("{FAE04EC0-301F-11D3-BF4B-00C04F79EFBC}") = "Day04", "Day04\Day04.csproj", "{772E4DD0-B4F4-407D-A6FF-E0224CB8862B}"
EndProject
Project("{FAE04EC0-301F-11D3-BF4B-00C04F79EFBC}") = "Day05", "Day05\Day05.csproj", "{524FFD0C-7B76-4B93-B5A8-E1BA4779DE3D}"
EndProject
Project("{FAE04EC0-301F-11D3-BF4B-00C04F79EFBC}") = "Day06", "Day06\Day06.csproj", "{BC1E7721-8EAE-4D7D-863F-CFF093AA000E}"
EndProject
Project("{FAE04EC0-301F-11D3-BF4B-00C04F79EFBC}") = "Day07", "Day07\Day07.csproj", "{5AD95BF0-4592-4CA4-A535-3FA273C3D8F1}"
EndProject
Project("{FAE04EC0-301F-11D3-BF4B-00C04F79EFBC}") = "Day08", "Day08\Day08.csproj", "{52FCEF1B-B08A-49B0-A675-A8F3107A620B}"
EndProject
Project("{FAE04EC0-301F-11D3-BF4B-00C04F79EFBC}") = "Day09", "Day09\Day09.csproj", "{60C32B26-470D-4F1D-9B57-FC2EEB62E37D}"
EndProject
Project("{FAE04EC0-301F-11D3-BF4B-00C04F79EFBC}") = "Day10", "Day10\Day10.csproj", "{CFA89DA8-4CD3-4337-932B-73F6FB1FEC8A}"
EndProject
Project("{FAE04EC0-301F-11D3-BF4B-00C04F79EFBC}") = "Day11", "Day11\Day11.csproj", "{A3D54766-5742-403F-8E19-51C298D65FE5}"
EndProject
Project("{FAE04EC0-301F-11D3-BF4B-00C04F79EFBC}") = "Day12", "Day12\Day12.csproj", "{8A05C8DC-AB46-47F2-AF72-488E5CB106EA}"
EndProject
Project("{FAE04EC0-301F-11D3-BF4B-00C04F79EFBC}") = "Day13", "Day13\Day13.csproj", "{DA3E677D-9C05-4D5C-BA15-DF51DDB81301}"
EndProject
Project("{FAE04EC0-301F-11D3-BF4B-00C04F79EFBC}") = "Day14", "Day14\Day14.csproj", "{DFAC929D-2223-496F-8177-07007A467218}"
EndProject
Project("{FAE04EC0-301F-11D3-BF4B-00C04F79EFBC}") = "Day15", "Day15\Day15.csproj", "{71971D44-6778-44F6-AF1D-F5C7995E3825}"
EndProject
Project("{FAE04EC0-301F-11D3-BF4B-00C04F79EFBC}") = "Day16", "Day16\Day16.csproj", "{BD0DC95E-0E49-4294-86C0-3D543367F762}"
EndProject
Project("{FAE04EC0-301F-11D3-BF4B-00C04F79EFBC}") = "Day17", "Day17\Day17.csproj", "{95DDE357-76C9-4271-91EF-D01C6542A518}"
EndProject
Project("{FAE04EC0-301F-11D3-BF4B-00C04F79EFBC}") = "Day18", "Day18\Day18.csproj", "{C3E69086-780E-419E-BB40-4ABB8C2CA89D}"
EndProject
Project("{FAE04EC0-301F-11D3-BF4B-00C04F79EFBC}") = "Day19", "Day19\Day19.csproj", "{0A490BAE-0358-4494-AD61-1660A7A3E8B7}"
EndProject
Project("{FAE04EC0-301F-11D3-BF4B-00C04F79EFBC}") = "Day20", "Day20\Day20.csproj", "{789B4FE2-E7D3-4126-B945-F4F098E8B6CD}"
EndProject
Project("{FAE04EC0-301F-11D3-BF4B-00C04F79EFBC}") = "Day21", "Day21\Day21.csproj", "{83FA30D3-39B5-4307-B989-9DE0863D4892}"
EndProject
Project("{FAE04EC0-301F-11D3-BF4B-00C04F79EFBC}") = "Day22", "Day22\Day22.csproj", "{C0F89686-7BBB-4880-B237-907F061ECFF4}"
EndProject
Project("{FAE04EC0-301F-11D3-BF4B-00C04F79EFBC}") = "Day23", "Day23\Day23.csproj", "{477B13A4-DE16-4D04-B407-85A4F8DBF87F}"
EndProject
Project("{FAE04EC0-301F-11D3-BF4B-00C04F79EFBC}") = "Day24", "Day24\Day24.csproj", "{E7A250C9-A6B9-4F45-BA86-1FF0DF7AA012}"
EndProject
Project("{FAE04EC0-301F-11D3-BF4B-00C04F79EFBC}") = "Day25", "Day25\Day25.csproj", "{4DF17FB7-3D1A-4778-B1AD-AEB6934F5D33}"
EndProject
Project("{FAE04EC0-301F-11D3-BF4B-00C04F79EFBC}") = "Day01", "Day01\Day01.csproj", "{627CEF83-2FA1-4534-9DA5-3E45CD529B39}"
EndProject
Project("{FAE04EC0-301F-11D3-BF4B-00C04F79EFBC}") = "Day02", "Day02\Day02.csproj", "{8EE4119F-B99F-4B26-99FC-FFAD2418FA0C}"
EndProject
Global
	GlobalSection(SolutionConfigurationPlatforms) = preSolution
		Debug|Any CPU = Debug|Any CPU
		Release|Any CPU = Release|Any CPU
	EndGlobalSection
	GlobalSection(ProjectConfigurationPlatforms) = postSolution
		{FA22A308-721F-4090-8DF1-06DD0689E001}.Debug|Any CPU.ActiveCfg = Debug|Any CPU
		{FA22A308-721F-4090-8DF1-06DD0689E001}.Debug|Any CPU.Build.0 = Debug|Any CPU
		{FA22A308-721F-4090-8DF1-06DD0689E001}.Release|Any CPU.ActiveCfg = Release|Any CPU
		{FA22A308-721F-4090-8DF1-06DD0689E001}.Release|Any CPU.Build.0 = Release|Any CPU
		{772E4DD0-B4F4-407D-A6FF-E0224CB8862B}.Debug|Any CPU.ActiveCfg = Debug|Any CPU
		{772E4DD0-B4F4-407D-A6FF-E0224CB8862B}.Debug|Any CPU.Build.0 = Debug|Any CPU
		{772E4DD0-B4F4-407D-A6FF-E0224CB8862B}.Release|Any CPU.ActiveCfg = Release|Any CPU
		{772E4DD0-B4F4-407D-A6FF-E0224CB8862B}.Release|Any CPU.Build.0 = Release|Any CPU
		{524FFD0C-7B76-4B93-B5A8-E1BA4779DE3D}.Debug|Any CPU.ActiveCfg = Debug|Any CPU
		{524FFD0C-7B76-4B93-B5A8-E1BA4779DE3D}.Debug|Any CPU.Build.0 = Debug|Any CPU
		{524FFD0C-7B76-4B93-B5A8-E1BA4779DE3D}.Release|Any CPU.ActiveCfg = Release|Any CPU
		{524FFD0C-7B76-4B93-B5A8-E1BA4779DE3D}.Release|Any CPU.Build.0 = Release|Any CPU
		{BC1E7721-8EAE-4D7D-863F-CFF093AA000E}.Debug|Any CPU.ActiveCfg = Debug|Any CPU
		{BC1E7721-8EAE-4D7D-863F-CFF093AA000E}.Debug|Any CPU.Build.0 = Debug|Any CPU
		{BC1E7721-8EAE-4D7D-863F-CFF093AA000E}.Release|Any CPU.ActiveCfg = Release|Any CPU
		{BC1E7721-8EAE-4D7D-863F-CFF093AA000E}.Release|Any CPU.Build.0 = Release|Any CPU
		{5AD95BF0-4592-4CA4-A535-3FA273C3D8F1}.Debug|Any CPU.ActiveCfg = Debug|Any CPU
		{5AD95BF0-4592-4CA4-A535-3FA273C3D8F1}.Debug|Any CPU.Build.0 = Debug|Any CPU
		{5AD95BF0-4592-4CA4-A535-3FA273C3D8F1}.Release|Any CPU.ActiveCfg = Release|Any CPU
		{5AD95BF0-4592-4CA4-A535-3FA273C3D8F1}.Release|Any CPU.Build.0 = Release|Any CPU
		{52FCEF1B-B08A-49B0-A675-A8F3107A620B}.Debug|Any CPU.ActiveCfg = Debug|Any CPU
		{52FCEF1B-B08A-49B0-A675-A8F3107A620B}.Debug|Any CPU.Build.0 = Debug|Any CPU
		{52FCEF1B-B08A-49B0-A675-A8F3107A620B}.Release|Any CPU.ActiveCfg = Release|Any CPU
		{52FCEF1B-B08A-49B0-A675-A8F3107A620B}.Release|Any CPU.Build.0 = Release|Any CPU
		{60C32B26-470D-4F1D-9B57-FC2EEB62E37D}.Debug|Any CPU.ActiveCfg = Debug|Any CPU
		{60C32B26-470D-4F1D-9B57-FC2EEB62E37D}.Debug|Any CPU.Build.0 = Debug|Any CPU
		{60C32B26-470D-4F1D-9B57-FC2EEB62E37D}.Release|Any CPU.ActiveCfg = Release|Any CPU
		{60C32B26-470D-4F1D-9B57-FC2EEB62E37D}.Release|Any CPU.Build.0 = Release|Any CPU
		{CFA89DA8-4CD3-4337-932B-73F6FB1FEC8A}.Debug|Any CPU.ActiveCfg = Debug|Any CPU
		{CFA89DA8-4CD3-4337-932B-73F6FB1FEC8A}.Debug|Any CPU.Build.0 = Debug|Any CPU
		{CFA89DA8-4CD3-4337-932B-73F6FB1FEC8A}.Release|Any CPU.ActiveCfg = Release|Any CPU
		{CFA89DA8-4CD3-4337-932B-73F6FB1FEC8A}.Release|Any CPU.Build.0 = Release|Any CPU
		{A3D54766-5742-403F-8E19-51C298D65FE5}.Debug|Any CPU.ActiveCfg = Debug|Any CPU
		{A3D54766-5742-403F-8E19-51C298D65FE5}.Debug|Any CPU.Build.0 = Debug|Any CPU
		{A3D54766-5742-403F-8E19-51C298D65FE5}.Release|Any CPU.ActiveCfg = Release|Any CPU
		{A3D54766-5742-403F-8E19-51C298D65FE5}.Release|Any CPU.Build.0 = Release|Any CPU
		{8A05C8DC-AB46-47F2-AF72-488E5CB106EA}.Debug|Any CPU.ActiveCfg = Debug|Any CPU
		{8A05C8DC-AB46-47F2-AF72-488E5CB106EA}.Debug|Any CPU.Build.0 = Debug|Any CPU
		{8A05C8DC-AB46-47F2-AF72-488E5CB106EA}.Release|Any CPU.ActiveCfg = Release|Any CPU
		{8A05C8DC-AB46-47F2-AF72-488E5CB106EA}.Release|Any CPU.Build.0 = Release|Any CPU
		{DA3E677D-9C05-4D5C-BA15-DF51DDB81301}.Debug|Any CPU.ActiveCfg = Debug|Any CPU
		{DA3E677D-9C05-4D5C-BA15-DF51DDB81301}.Debug|Any CPU.Build.0 = Debug|Any CPU
		{DA3E677D-9C05-4D5C-BA15-DF51DDB81301}.Release|Any CPU.ActiveCfg = Release|Any CPU
		{DA3E677D-9C05-4D5C-BA15-DF51DDB81301}.Release|Any CPU.Build.0 = Release|Any CPU
		{DFAC929D-2223-496F-8177-07007A467218}.Debug|Any CPU.ActiveCfg = Debug|Any CPU
		{DFAC929D-2223-496F-8177-07007A467218}.Debug|Any CPU.Build.0 = Debug|Any CPU
		{DFAC929D-2223-496F-8177-07007A467218}.Release|Any CPU.ActiveCfg = Release|Any CPU
		{DFAC929D-2223-496F-8177-07007A467218}.Release|Any CPU.Build.0 = Release|Any CPU
		{71971D44-6778-44F6-AF1D-F5C7995E3825}.Debug|Any CPU.ActiveCfg = Debug|Any CPU
		{71971D44-6778-44F6-AF1D-F5C7995E3825}.Debug|Any CPU.Build.0 = Debug|Any CPU
		{71971D44-6778-44F6-AF1D-F5C7995E3825}.Release|Any CPU.ActiveCfg = Release|Any CPU
		{71971D44-6778-44F6-AF1D-F5C7995E3825}.Release|Any CPU.Build.0 = Release|Any CPU
		{BD0DC95E-0E49-4294-86C0-3D543367F762}.Debug|Any CPU.ActiveCfg = Debug|Any CPU
		{BD0DC95E-0E49-4294-86C0-3D543367F762}.Debug|Any CPU.Build.0 = Debug|Any CPU
		{BD0DC95E-0E49-4294-86C0-3D543367F762}.Release|Any CPU.ActiveCfg = Release|Any CPU
		{BD0DC95E-0E49-4294-86C0-3D543367F762}.Release|Any CPU.Build.0 = Release|Any CPU
		{95DDE357-76C9-4271-91EF-D01C6542A518}.Debug|Any CPU.ActiveCfg = Debug|Any CPU
		{95DDE357-76C9-4271-91EF-D01C6542A518}.Debug|Any CPU.Build.0 = Debug|Any CPU
		{95DDE357-76C9-4271-91EF-D01C6542A518}.Release|Any CPU.ActiveCfg = Release|Any CPU
		{95DDE357-76C9-4271-91EF-D01C6542A518}.Release|Any CPU.Build.0 = Release|Any CPU
		{C3E69086-780E-419E-BB40-4ABB8C2CA89D}.Debug|Any CPU.ActiveCfg = Debug|Any CPU
		{C3E69086-780E-419E-BB40-4ABB8C2CA89D}.Debug|Any CPU.Build.0 = Debug|Any CPU
		{C3E69086-780E-419E-BB40-4ABB8C2CA89D}.Release|Any CPU.ActiveCfg = Release|Any CPU
		{C3E69086-780E-419E-BB40-4ABB8C2CA89D}.Release|Any CPU.Build.0 = Release|Any CPU
		{0A490BAE-0358-4494-AD61-1660A7A3E8B7}.Debug|Any CPU.ActiveCfg = Debug|Any CPU
		{0A490BAE-0358-4494-AD61-1660A7A3E8B7}.Debug|Any CPU.Build.0 = Debug|Any CPU
		{0A490BAE-0358-4494-AD61-1660A7A3E8B7}.Release|Any CPU.ActiveCfg = Release|Any CPU
		{0A490BAE-0358-4494-AD61-1660A7A3E8B7}.Release|Any CPU.Build.0 = Release|Any CPU
		{789B4FE2-E7D3-4126-B945-F4F098E8B6CD}.Debug|Any CPU.ActiveCfg = Debug|Any CPU
		{789B4FE2-E7D3-4126-B945-F4F098E8B6CD}.Debug|Any CPU.Build.0 = Debug|Any CPU
		{789B4FE2-E7D3-4126-B945-F4F098E8B6CD}.Release|Any CPU.ActiveCfg = Release|Any CPU
		{789B4FE2-E7D3-4126-B945-F4F098E8B6CD}.Release|Any CPU.Build.0 = Release|Any CPU
		{83FA30D3-39B5-4307-B989-9DE0863D4892}.Debug|Any CPU.ActiveCfg = Debug|Any CPU
		{83FA30D3-39B5-4307-B989-9DE0863D4892}.Debug|Any CPU.Build.0 = Debug|Any CPU
		{83FA30D3-39B5-4307-B989-9DE0863D4892}.Release|Any CPU.ActiveCfg = Release|Any CPU
		{83FA30D3-39B5-4307-B989-9DE0863D4892}.Release|Any CPU.Build.0 = Release|Any CPU
		{C0F89686-7BBB-4880-B237-907F061ECFF4}.Debug|Any CPU.ActiveCfg = Debug|Any CPU
		{C0F89686-7BBB-4880-B237-907F061ECFF4}.Debug|Any CPU.Build.0 = Debug|Any CPU
		{C0F89686-7BBB-4880-B237-907F061ECFF4}.Release|Any CPU.ActiveCfg = Release|Any CPU
		{C0F89686-7BBB-4880-B237-907F061ECFF4}.Release|Any CPU.Build.0 = Release|Any CPU
		{477B13A4-DE16-4D04-B407-85A4F8DBF87F}.Debug|Any CPU.ActiveCfg = Debug|Any CPU
		{477B13A4-DE16-4D04-B407-85A4F8DBF87F}.Debug|Any CPU.Build.0 = Debug|Any CPU
		{477B13A4-DE16-4D04-B407-85A4F8DBF87F}.Release|Any CPU.ActiveCfg = Release|Any CPU
		{477B13A4-DE16-4D04-B407-85A4F8DBF87F}.Release|Any CPU.Build.0 = Release|Any CPU
		{E7A250C9-A6B9-4F45-BA86-1FF0DF7AA012}.Debug|Any CPU.ActiveCfg = Debug|Any CPU
		{E7A250C9-A6B9-4F45-BA86-1FF0DF7AA012}.Debug|Any CPU.Build.0 = Debug|Any CPU
		{E7A250C9-A6B9-4F45-BA86-1FF0DF7AA012}.Release|Any CPU.ActiveCfg = Release|Any CPU
		{E7A250C9-A6B9-4F45-BA86-1FF0DF7AA012}.Release|Any CPU.Build.0 = Release|Any CPU
		{4DF17FB7-3D1A-4778-B1AD-AEB6934F5D33}.Debug|Any CPU.ActiveCfg = Debug|Any CPU
		{4DF17FB7-3D1A-4778-B1AD-AEB6934F5D33}.Debug|Any CPU.Build.0 = Debug|Any CPU
		{4DF17FB7-3D1A-4778-B1AD-AEB6934F5D33}.Release|Any CPU.ActiveCfg = Release|Any CPU
		{4DF17FB7-3D1A-4778-B1AD-AEB6934F5D33}.Release|Any CPU.Build.0 = Release|Any CPU
		{627CEF83-2FA1-4534-9DA5-3E45CD529B39}.Debug|Any CPU.ActiveCfg = Debug|Any CPU
		{627CEF83-2FA1-4534-9DA5-3E45CD529B39}.Debug|Any CPU.Build.0 = Debug|Any CPU
		{627CEF83-2FA1-4534-9DA5-3E45CD529B39}.Release|Any CPU.ActiveCfg = Release|Any CPU
		{627CEF83-2FA1-4534-9DA5-3E45CD529B39}.Release|Any CPU.Build.0 = Release|Any CPU
		{8EE4119F-B99F-4B26-99FC-FFAD2418FA0C}.Debug|Any CPU.ActiveCfg = Debug|Any CPU
		{8EE4119F-B99F-4B26-99FC-FFAD2418FA0C}.Debug|Any CPU.Build.0 = Debug|Any CPU
		{8EE4119F-B99F-4B26-99FC-FFAD2418FA0C}.Release|Any CPU.ActiveCfg = Release|Any CPU
		{8EE4119F-B99F-4B26-99FC-FFAD2418FA0C}.Release|Any CPU.Build.0 = Release|Any CPU
	EndGlobalSection
	GlobalSection(SolutionProperties) = preSolution
		HideSolutionNode = FALSE
	EndGlobalSection
	GlobalSection(ExtensibilityGlobals) = postSolution
		SolutionGuid = {DD43E61A-89F1-48E7-ABF4-976D3798C731}
	EndGlobalSection
EndGlobal
